# This file is automatically @generated by Cargo.
# It is not intended for manual editing.
version = 3

[[package]]
name = "lazy_static"
version = "1.4.0"
source = "registry+https://github.com/rust-lang/crates.io-index"
checksum = "e2abad23fbc42b3700f2f279844dc832adb2b2eb069b2df918f455c4e18cc646"

[[package]]
name = "nar_dev_utils"
version = "0.26.4"
source = "registry+https://github.com/rust-lang/crates.io-index"
checksum = "1662c34eaa2853e1342dc1bbedf0373dc4315d1b0b7637e2c25cf424c9642355"

[[package]]
name = "narsese"
version = "0.13.0"
dependencies = [
 "lazy_static",
 "nar_dev_utils",
]
